
Microsoft Visual Studio Solution File, Format Version 12.00
# Visual Studio Version 17
VisualStudioVersion = 17.10.35122.118
MinimumVisualStudioVersion = 10.0.40219.1
Project("{FAE04EC0-301F-11D3-BF4B-00C04F79EFBC}") = "SecureMessageManager.Api", "SecureMessageManager.Api\SecureMessageManager.Api.csproj", "{A0E3DF33-1C10-4340-AA00-45924748FF15}"
EndProject
Project("{FAE04EC0-301F-11D3-BF4B-00C04F79EFBC}") = "SecureMessageManager.Client", "SecureMessageManager.Client\SecureMessageManager.Client.csproj", "{95338A5D-9F40-4545-8D79-27EE0558234A}"
EndProject
Project("{FAE04EC0-301F-11D3-BF4B-00C04F79EFBC}") = "SecureMessageManager.Shared", "SecureMessageManager.Shared\SecureMessageManager.Shared.csproj", "{DCDDE78F-E2F2-4A76-A3FA-47508CA1EB30}"
EndProject
Global
	GlobalSection(SolutionConfigurationPlatforms) = preSolution
		Debug|Any CPU = Debug|Any CPU
		Release|Any CPU = Release|Any CPU
	EndGlobalSection
	GlobalSection(ProjectConfigurationPlatforms) = postSolution
		{A0E3DF33-1C10-4340-AA00-45924748FF15}.Debug|Any CPU.ActiveCfg = Debug|Any CPU
		{A0E3DF33-1C10-4340-AA00-45924748FF15}.Debug|Any CPU.Build.0 = Debug|Any CPU
		{A0E3DF33-1C10-4340-AA00-45924748FF15}.Release|Any CPU.ActiveCfg = Release|Any CPU
		{A0E3DF33-1C10-4340-AA00-45924748FF15}.Release|Any CPU.Build.0 = Release|Any CPU
		{95338A5D-9F40-4545-8D79-27EE0558234A}.Debug|Any CPU.ActiveCfg = Debug|Any CPU
		{95338A5D-9F40-4545-8D79-27EE0558234A}.Debug|Any CPU.Build.0 = Debug|Any CPU
		{95338A5D-9F40-4545-8D79-27EE0558234A}.Release|Any CPU.ActiveCfg = Release|Any CPU
		{95338A5D-9F40-4545-8D79-27EE0558234A}.Release|Any CPU.Build.0 = Release|Any CPU
		{DCDDE78F-E2F2-4A76-A3FA-47508CA1EB30}.Debug|Any CPU.ActiveCfg = Debug|Any CPU
		{DCDDE78F-E2F2-4A76-A3FA-47508CA1EB30}.Debug|Any CPU.Build.0 = Debug|Any CPU
		{DCDDE78F-E2F2-4A76-A3FA-47508CA1EB30}.Release|Any CPU.ActiveCfg = Release|Any CPU
		{DCDDE78F-E2F2-4A76-A3FA-47508CA1EB30}.Release|Any CPU.Build.0 = Release|Any CPU
	EndGlobalSection
	GlobalSection(SolutionProperties) = preSolution
		HideSolutionNode = FALSE
	EndGlobalSection
	GlobalSection(ExtensibilityGlobals) = postSolution
		SolutionGuid = {25906E82-7815-4F97-92E9-4A8A02F2AF4F}
	EndGlobalSection
EndGlobal
